
Microsoft Visual Studio Solution File, Format Version 12.00
# Visual Studio Version 16
VisualStudioVersion = 16.0.31129.286
MinimumVisualStudioVersion = 10.0.40219.1
Project("{FAE04EC0-301F-11D3-BF4B-00C04F79EFBC}") = "BlueModas.API", "BlueModas.API\BlueModas.API.csproj", "{EDB13ADE-8AD1-4623-8D70-73420D838462}"
EndProject
Project("{FAE04EC0-301F-11D3-BF4B-00C04F79EFBC}") = "BlueModas.API.Infra", "BlueModas.API.Infra\BlueModas.API.Infra.csproj", "{7DE9DDC7-EDC4-4C65-A3A7-DBE72BFD47D6}"
EndProject
Project("{FAE04EC0-301F-11D3-BF4B-00C04F79EFBC}") = "BlueModas.API.Domain", "BlueModas.API.Domain\BlueModas.API.Domain.csproj", "{BF4EA0AD-4A2B-4208-992F-CE44307CE634}"
EndProject
Global
	GlobalSection(SolutionConfigurationPlatforms) = preSolution
		Debug|Any CPU = Debug|Any CPU
		Release|Any CPU = Release|Any CPU
	EndGlobalSection
	GlobalSection(ProjectConfigurationPlatforms) = postSolution
		{EDB13ADE-8AD1-4623-8D70-73420D838462}.Debug|Any CPU.ActiveCfg = Debug|Any CPU
		{EDB13ADE-8AD1-4623-8D70-73420D838462}.Debug|Any CPU.Build.0 = Debug|Any CPU
		{EDB13ADE-8AD1-4623-8D70-73420D838462}.Release|Any CPU.ActiveCfg = Release|Any CPU
		{EDB13ADE-8AD1-4623-8D70-73420D838462}.Release|Any CPU.Build.0 = Release|Any CPU
		{7DE9DDC7-EDC4-4C65-A3A7-DBE72BFD47D6}.Debug|Any CPU.ActiveCfg = Debug|Any CPU
		{7DE9DDC7-EDC4-4C65-A3A7-DBE72BFD47D6}.Debug|Any CPU.Build.0 = Debug|Any CPU
		{7DE9DDC7-EDC4-4C65-A3A7-DBE72BFD47D6}.Release|Any CPU.ActiveCfg = Release|Any CPU
		{7DE9DDC7-EDC4-4C65-A3A7-DBE72BFD47D6}.Release|Any CPU.Build.0 = Release|Any CPU
		{BF4EA0AD-4A2B-4208-992F-CE44307CE634}.Debug|Any CPU.ActiveCfg = Debug|Any CPU
		{BF4EA0AD-4A2B-4208-992F-CE44307CE634}.Debug|Any CPU.Build.0 = Debug|Any CPU
		{BF4EA0AD-4A2B-4208-992F-CE44307CE634}.Release|Any CPU.ActiveCfg = Release|Any CPU
		{BF4EA0AD-4A2B-4208-992F-CE44307CE634}.Release|Any CPU.Build.0 = Release|Any CPU
	EndGlobalSection
	GlobalSection(SolutionProperties) = preSolution
		HideSolutionNode = FALSE
	EndGlobalSection
	GlobalSection(ExtensibilityGlobals) = postSolution
		SolutionGuid = {ED3486A4-1CE9-4757-A02F-FAF2D008EE87}
	EndGlobalSection
EndGlobal
